{
  "nodes": {
    "flake-parts": {
      "inputs": {
        "nixpkgs-lib": "nixpkgs-lib"
      },
      "locked": {
        "lastModified": 1756770412,
        "narHash": "sha256-+uWLQZccFHwqpGqr2Yt5VsW/PbeJVTn9Dk6SHWhNRPw=",
        "owner": "hercules-ci",
        "repo": "flake-parts",
        "rev": "4524271976b625a4a605beefd893f270620fd751",
        "type": "github"
      },
      "original": {
        "owner": "hercules-ci",
        "repo": "flake-parts",
        "type": "github"
      }
    },
    "nixpkgs": {
      "locked": {
        "lastModified": 1759070547,
        "narHash": "sha256-JVZl8NaVRYb0+381nl7LvPE+A774/dRpif01FKLrYFQ=",
        "owner": "NixOS",
        "repo": "nixpkgs",
        "rev": "647e5c14cbd5067f44ac86b74f014962df460840",
        "type": "github"
      },
      "original": {
        "owner": "NixOS",
        "ref": "nixpkgs-unstable",
        "repo": "nixpkgs",
        "type": "github"
      }
    },
    "nixpkgs-lib": {
      "locked": {
        "lastModified": 1754788789,
        "narHash": "sha256-x2rJ+Ovzq0sCMpgfgGaaqgBSwY+LST+WbZ6TytnT9Rk=",
        "owner": "nix-community",
        "repo": "nixpkgs.lib",
        "rev": "a73b9c743612e4244d865a2fdee11865283c04e6",
        "type": "github"
      },
      "original": {
        "owner": "nix-community",
        "repo": "nixpkgs.lib",
        "type": "github"
      }
    },
    "pkgs-by-name": {
      "locked": {
        "lastModified": 1743779435,
        "narHash": "sha256-5eaQ3iKcwUbLw7pOJJqV85qgf5L+ihfsISrifGM7czQ=",
        "owner": "drupol",
        "repo": "pkgs-by-name-for-flake-parts",
        "rev": "477b3e8f981e3d7bac9d297e64796c918942f744",
        "type": "github"
      },
      "original": {
        "owner": "drupol",
        "repo": "pkgs-by-name-for-flake-parts",
        "type": "github"
      }
    },
    "root": {
      "inputs": {
        "flake-parts": "flake-parts",
        "nixpkgs": "nixpkgs",
        "pkgs-by-name": "pkgs-by-name",
        "systems": "systems",
        "treefmt-nix": "treefmt-nix"
      }
    },
    "systems": {
      "locked": {
        "lastModified": 1689347949,
        "narHash": "sha256-12tWmuL2zgBgZkdoB6qXZsgJEH9LR3oUgpaQq2RbI80=",
        "owner": "nix-systems",
        "repo": "default-linux",
        "rev": "31732fcf5e8fea42e59c2488ad31a0e651500f68",
        "type": "github"
      },
      "original": {
        "owner": "nix-systems",
        "repo": "default-linux",
        "type": "github"
      }
    },
    "treefmt-nix": {
      "inputs": {
        "nixpkgs": [
          "nixpkgs"
        ]
      },
      "locked": {
        "lastModified": 1758728421,
        "narHash": "sha256-ySNJ008muQAds2JemiyrWYbwbG+V7S5wg3ZVKGHSFu8=",
        "owner": "numtide",
        "repo": "treefmt-nix",
        "rev": "5eda4ee8121f97b218f7cc73f5172098d458f1d1",
        "type": "github"
      },
      "original": {
        "owner": "numtide",
        "repo": "treefmt-nix",
        "type": "github"
      }
    }
  },
  "root": "root",
  "version": 7
}
